
Microsoft Visual Studio Solution File, Format Version 12.00
# Visual Studio Version 17
VisualStudioVersion = 17.5.33424.131
MinimumVisualStudioVersion = 10.0.40219.1
Project("{9A19103F-16F7-4668-BE54-9A1E7A4F7556}") = "BusinessTrips", "BusinessTrips.csproj", "{FF9E8F70-7878-4F42-AF20-ADE3D4E1FFFE}"
EndProject
Global
	GlobalSection(SolutionConfigurationPlatforms) = preSolution
		Debug|Any CPU = Debug|Any CPU
		Release|Any CPU = Release|Any CPU
	EndGlobalSection
	GlobalSection(ProjectConfigurationPlatforms) = postSolution
		{FF9E8F70-7878-4F42-AF20-ADE3D4E1FFFE}.Debug|Any CPU.ActiveCfg = Debug|Any CPU
		{FF9E8F70-7878-4F42-AF20-ADE3D4E1FFFE}.Debug|Any CPU.Build.0 = Debug|Any CPU
		{FF9E8F70-7878-4F42-AF20-ADE3D4E1FFFE}.Release|Any CPU.ActiveCfg = Release|Any CPU
		{FF9E8F70-7878-4F42-AF20-ADE3D4E1FFFE}.Release|Any CPU.Build.0 = Release|Any CPU
	EndGlobalSection
	GlobalSection(SolutionProperties) = preSolution
		HideSolutionNode = FALSE
	EndGlobalSection
	GlobalSection(ExtensibilityGlobals) = postSolution
		SolutionGuid = {DB95699C-A806-4A68-881F-8B88D812FF03}
	EndGlobalSection
EndGlobal
